
Microsoft Visual Studio Solution File, Format Version 12.00
# Visual Studio Version 16
VisualStudioVersion = 16.0.30517.126
MinimumVisualStudioVersion = 10.0.40219.1
Project("{FAE04EC0-301F-11D3-BF4B-00C04F79EFBC}") = "Coffee_Query.Android", "Coffee_Query\Coffee_Query.Android\Coffee_Query.Android.csproj", "{018174D9-D1E8-4603-BE75-E1FFE4ED12A2}"
EndProject
Project("{FAE04EC0-301F-11D3-BF4B-00C04F79EFBC}") = "Coffee_Query", "Coffee_Query\Coffee_Query\Coffee_Query.csproj", "{FBF6BC1E-3D5B-4DC3-9ACA-AE701F2029E4}"
EndProject
Global
	GlobalSection(SolutionConfigurationPlatforms) = preSolution
		Debug|Any CPU = Debug|Any CPU
		Release|Any CPU = Release|Any CPU
	EndGlobalSection
	GlobalSection(ProjectConfigurationPlatforms) = postSolution
		{018174D9-D1E8-4603-BE75-E1FFE4ED12A2}.Debug|Any CPU.ActiveCfg = Debug|Any CPU
		{018174D9-D1E8-4603-BE75-E1FFE4ED12A2}.Debug|Any CPU.Build.0 = Debug|Any CPU
		{018174D9-D1E8-4603-BE75-E1FFE4ED12A2}.Debug|Any CPU.Deploy.0 = Debug|Any CPU
		{018174D9-D1E8-4603-BE75-E1FFE4ED12A2}.Release|Any CPU.ActiveCfg = Release|Any CPU
		{018174D9-D1E8-4603-BE75-E1FFE4ED12A2}.Release|Any CPU.Build.0 = Release|Any CPU
		{018174D9-D1E8-4603-BE75-E1FFE4ED12A2}.Release|Any CPU.Deploy.0 = Release|Any CPU
		{FBF6BC1E-3D5B-4DC3-9ACA-AE701F2029E4}.Debug|Any CPU.ActiveCfg = Debug|Any CPU
		{FBF6BC1E-3D5B-4DC3-9ACA-AE701F2029E4}.Debug|Any CPU.Build.0 = Debug|Any CPU
		{FBF6BC1E-3D5B-4DC3-9ACA-AE701F2029E4}.Debug|Any CPU.Deploy.0 = Debug|Any CPU
		{FBF6BC1E-3D5B-4DC3-9ACA-AE701F2029E4}.Release|Any CPU.ActiveCfg = Release|Any CPU
		{FBF6BC1E-3D5B-4DC3-9ACA-AE701F2029E4}.Release|Any CPU.Build.0 = Release|Any CPU
		{FBF6BC1E-3D5B-4DC3-9ACA-AE701F2029E4}.Release|Any CPU.Deploy.0 = Release|Any CPU
	EndGlobalSection
	GlobalSection(SolutionProperties) = preSolution
		HideSolutionNode = FALSE
	EndGlobalSection
	GlobalSection(ExtensibilityGlobals) = postSolution
		SolutionGuid = {427EFA6D-B87A-401A-A27F-7A4A0BCA78C8}
	EndGlobalSection
EndGlobal
